
Microsoft Visual Studio Solution File, Format Version 12.00
# Visual Studio Version 17
VisualStudioVersion = 17.14.36623.8
MinimumVisualStudioVersion = 10.0.40219.1
Project("{FAE04EC0-301F-11D3-BF4B-00C04F79EFBC}") = "MultiAgentThinkGroup", "MultiAgentThinkGroup\MultiAgentThinkGroup.csproj", "{A63327A9-821F-4FC5-9C45-04BF2601F46E}"
EndProject
Project("{FAE04EC0-301F-11D3-BF4B-00C04F79EFBC}") = "MultiAgentWPF", "MultiAgentWPF\MultiAgentWPF.csproj", "{2D607715-4633-FF3D-D8B2-BCBCA7FA5EED}"
EndProject
Project("{FAE04EC0-301F-11D3-BF4B-00C04F79EFBC}") = "MinimalSemanticKernelGrokClient", "MinimalSemanticKernelGrokClient\MinimalSemanticKernelGrokClient.csproj", "{0015BEC5-880C-48E2-BEFB-2BBB35D96D24}"
EndProject
Global
	GlobalSection(SolutionConfigurationPlatforms) = preSolution
		Debug|Any CPU = Debug|Any CPU
		Release|Any CPU = Release|Any CPU
	EndGlobalSection
	GlobalSection(ProjectConfigurationPlatforms) = postSolution
		{A63327A9-821F-4FC5-9C45-04BF2601F46E}.Debug|Any CPU.ActiveCfg = Debug|Any CPU
		{A63327A9-821F-4FC5-9C45-04BF2601F46E}.Debug|Any CPU.Build.0 = Debug|Any CPU
		{A63327A9-821F-4FC5-9C45-04BF2601F46E}.Release|Any CPU.ActiveCfg = Release|Any CPU
		{A63327A9-821F-4FC5-9C45-04BF2601F46E}.Release|Any CPU.Build.0 = Release|Any CPU
		{2D607715-4633-FF3D-D8B2-BCBCA7FA5EED}.Debug|Any CPU.ActiveCfg = Debug|Any CPU
		{2D607715-4633-FF3D-D8B2-BCBCA7FA5EED}.Debug|Any CPU.Build.0 = Debug|Any CPU
		{2D607715-4633-FF3D-D8B2-BCBCA7FA5EED}.Release|Any CPU.ActiveCfg = Release|Any CPU
		{2D607715-4633-FF3D-D8B2-BCBCA7FA5EED}.Release|Any CPU.Build.0 = Release|Any CPU
		{0015BEC5-880C-48E2-BEFB-2BBB35D96D24}.Debug|Any CPU.ActiveCfg = Debug|Any CPU
		{0015BEC5-880C-48E2-BEFB-2BBB35D96D24}.Debug|Any CPU.Build.0 = Debug|Any CPU
		{0015BEC5-880C-48E2-BEFB-2BBB35D96D24}.Release|Any CPU.ActiveCfg = Release|Any CPU
		{0015BEC5-880C-48E2-BEFB-2BBB35D96D24}.Release|Any CPU.Build.0 = Release|Any CPU
	EndGlobalSection
	GlobalSection(SolutionProperties) = preSolution
		HideSolutionNode = FALSE
	EndGlobalSection
	GlobalSection(ExtensibilityGlobals) = postSolution
		SolutionGuid = {72B8D786-ABE3-4F14-8A3A-8FDCEEADEDC7}
	EndGlobalSection
EndGlobal
